
Microsoft Visual Studio Solution File, Format Version 12.00
# Visual Studio Version 16
VisualStudioVersion = 16.0.31112.23
MinimumVisualStudioVersion = 10.0.40219.1
Project("{8BC9CEB8-8B4A-11D0-8D11-00A0C91BC942}") = "UdpChatRoomClient", "UdpChatRoomClient.vcxproj", "{8FC393D6-24A7-43EA-865A-B7A565E09FBA}"
EndProject
Global
	GlobalSection(SolutionConfigurationPlatforms) = preSolution
		Debug|x64 = Debug|x64
		Debug|x86 = Debug|x86
		Release|x64 = Release|x64
		Release|x86 = Release|x86
	EndGlobalSection
	GlobalSection(ProjectConfigurationPlatforms) = postSolution
		{8FC393D6-24A7-43EA-865A-B7A565E09FBA}.Debug|x64.ActiveCfg = Debug|x64
		{8FC393D6-24A7-43EA-865A-B7A565E09FBA}.Debug|x64.Build.0 = Debug|x64
		{8FC393D6-24A7-43EA-865A-B7A565E09FBA}.Debug|x86.ActiveCfg = Debug|Win32
		{8FC393D6-24A7-43EA-865A-B7A565E09FBA}.Debug|x86.Build.0 = Debug|Win32
		{8FC393D6-24A7-43EA-865A-B7A565E09FBA}.Release|x64.ActiveCfg = Release|x64
		{8FC393D6-24A7-43EA-865A-B7A565E09FBA}.Release|x64.Build.0 = Release|x64
		{8FC393D6-24A7-43EA-865A-B7A565E09FBA}.Release|x86.ActiveCfg = Release|Win32
		{8FC393D6-24A7-43EA-865A-B7A565E09FBA}.Release|x86.Build.0 = Release|Win32
	EndGlobalSection
	GlobalSection(SolutionProperties) = preSolution
		HideSolutionNode = FALSE
	EndGlobalSection
	GlobalSection(ExtensibilityGlobals) = postSolution
		SolutionGuid = {1FD23008-D8FB-4324-A900-D569C6CA32A4}
	EndGlobalSection
EndGlobal
