<?xml version="1.0" encoding="utf-8"?>
<Project ToolsVersion="4.0" xmlns="http://schemas.microsoft.com/developer/msbuild/2003">
  <ItemGroup>
    <Filter Include="源文件">
      <UniqueIdentifier>{4FC737F1-C7A5-4376-A066-2A32D752A2FF}</UniqueIdentifier>
      <Extensions>cpp;c;cc;cxx;c++;def;odl;idl;hpj;bat;asm;asmx</Extensions>
    </Filter>
    <Filter Include="头文件">
      <UniqueIdentifier>{93995380-89BD-4b04-88EB-625FBE52EBFB}</UniqueIdentifier>
      <Extensions>h;hh;hpp;hxx;h++;hm;inl;inc;ipp;xsd</Extensions>
    </Filter>
    <Filter Include="资源文件">
      <UniqueIdentifier>{67DA6AB6-F800-4c08-8B7A-83BB121AAD01}</UniqueIdentifier>
      <Extensions>rc;ico;cur;bmp;dlg;rc2;rct;bin;rgs;gif;jpg;jpeg;jpe;resx;tiff;tif;png;wav;mfcribbon-ms</Extensions>
    </Filter>
    <Filter Include="Socket">
      <UniqueIdentifier>{2f2c29e7-d7d1-4d27-9136-012bc80b2792}</UniqueIdentifier>
    </Filter>
    <Filter Include="Json">
      <UniqueIdentifier>{11e04ccf-4980-4fbc-8a48-3d45fa5fcf2f}</UniqueIdentifier>
    </Filter>
    <Filter Include="IOCP">
      <UniqueIdentifier>{8d826336-1400-4caf-b8cd-9bc0baa6e1a4}</UniqueIdentifier>
    </Filter>
  </ItemGroup>
  <ItemGroup>
    <ClInclude Include="ChatClient.h">
      <Filter>头文件</Filter>
    </ClInclude>
    <ClInclude Include="ChatClientDlg.h">
      <Filter>头文件</Filter>
    </ClInclude>
    <ClInclude Include="framework.h">
      <Filter>头文件</Filter>
    </ClInclude>
    <ClInclude Include="targetver.h">
      <Filter>头文件</Filter>
    </ClInclude>
    <ClInclude Include="Resource.h">
      <Filter>头文件</Filter>
    </ClInclude>
    <ClInclude Include="pch.h">
      <Filter>头文件</Filter>
    </ClInclude>
    <ClInclude Include="..\..\common\CInitSocketLib.h">
      <Filter>Socket</Filter>
    </ClInclude>
    <ClInclude Include="..\..\common\comman.h">
      <Filter>Socket</Filter>
    </ClInclude>
    <ClInclude Include="..\..\common\cJSON.h">
      <Filter>Json</Filter>
    </ClInclude>
    <ClInclude Include="..\..\common\CJsonObject.hpp">
      <Filter>Json</Filter>
    </ClInclude>
    <ClInclude Include="..\..\common\CTcpSocket.h">
      <Filter>Socket</Filter>
    </ClInclude>
    <ClInclude Include="..\..\common\CMyChatServer.h">
      <Filter>Socket</Filter>
    </ClInclude>
    <ClInclude Include="..\..\common\CByteStreamBuff.h">
      <Filter>IOCP</Filter>
    </ClInclude>
    <ClInclude Include="..\..\common\CIocpSocket.h">
      <Filter>IOCP</Filter>
    </ClInclude>
    <ClInclude Include="..\..\common\Lock.h">
      <Filter>IOCP</Filter>
    </ClInclude>
  </ItemGroup>
  <ItemGroup>
    <ClCompile Include="ChatClient.cpp">
      <Filter>源文件</Filter>
    </ClCompile>
    <ClCompile Include="ChatClientDlg.cpp">
      <Filter>源文件</Filter>
    </ClCompile>
    <ClCompile Include="pch.cpp">
      <Filter>源文件</Filter>
    </ClCompile>
    <ClCompile Include="..\..\common\CInitSocketLib.cpp">
      <Filter>Socket</Filter>
    </ClCompile>
    <ClCompile Include="..\..\common\cJSON.c">
      <Filter>Json</Filter>
    </ClCompile>
    <ClCompile Include="..\..\common\CJsonObject.cpp">
      <Filter>Json</Filter>
    </ClCompile>
    <ClCompile Include="..\..\common\CTcpSocket.cpp">
      <Filter>Socket</Filter>
    </ClCompile>
    <ClCompile Include="..\..\common\CMyChatServer.cpp">
      <Filter>Socket</Filter>
    </ClCompile>
    <ClCompile Include="..\..\common\CByteStreamBuff.cpp">
      <Filter>IOCP</Filter>
    </ClCompile>
    <ClCompile Include="..\..\common\CIocpSocket.cpp">
      <Filter>IOCP</Filter>
    </ClCompile>
    <ClCompile Include="..\..\common\Lock.cpp">
      <Filter>IOCP</Filter>
    </ClCompile>
  </ItemGroup>
  <ItemGroup>
    <ResourceCompile Include="ChatClient.rc">
      <Filter>资源文件</Filter>
    </ResourceCompile>
  </ItemGroup>
  <ItemGroup>
    <None Include="res\ChatClient.rc2">
      <Filter>资源文件</Filter>
    </None>
  </ItemGroup>
  <ItemGroup>
    <Image Include="res\ChatClient.ico">
      <Filter>资源文件</Filter>
    </Image>
  </ItemGroup>
</Project>